
Microsoft Visual Studio Solution File, Format Version 12.00
# Visual Studio 15
VisualStudioVersion = 15.0.27703.2035
MinimumVisualStudioVersion = 10.0.40219.1
Project("{FAE04EC0-301F-11D3-BF4B-00C04F79EFBC}") = "TwitchViewerCounter.ConsoleApp", "TwitchViewerCounter\TwitchViewerCounter.ConsoleApp.csproj", "{AB77C797-5636-4708-87C9-9ED8682BAED8}"
EndProject
Project("{FAE04EC0-301F-11D3-BF4B-00C04F79EFBC}") = "TwitchViewerCounter.Core", "TwitchViewerCounter.Core\TwitchViewerCounter.Core.csproj", "{6DB87FA2-0347-4206-8528-C74EB538E476}"
EndProject
Project("{FAE04EC0-301F-11D3-BF4B-00C04F79EFBC}") = "TwitchViewerCounter.Tests", "TwitchViewerCounter.Tests\TwitchViewerCounter.Tests.csproj", "{BF5DA2FE-2614-4CE3-8902-63D6673B32C4}"
EndProject
Global
	GlobalSection(SolutionConfigurationPlatforms) = preSolution
		Debug|Any CPU = Debug|Any CPU
		Release|Any CPU = Release|Any CPU
	EndGlobalSection
	GlobalSection(ProjectConfigurationPlatforms) = postSolution
		{AB77C797-5636-4708-87C9-9ED8682BAED8}.Debug|Any CPU.ActiveCfg = Debug|Any CPU
		{AB77C797-5636-4708-87C9-9ED8682BAED8}.Debug|Any CPU.Build.0 = Debug|Any CPU
		{AB77C797-5636-4708-87C9-9ED8682BAED8}.Release|Any CPU.ActiveCfg = Release|Any CPU
		{AB77C797-5636-4708-87C9-9ED8682BAED8}.Release|Any CPU.Build.0 = Release|Any CPU
		{6DB87FA2-0347-4206-8528-C74EB538E476}.Debug|Any CPU.ActiveCfg = Debug|Any CPU
		{6DB87FA2-0347-4206-8528-C74EB538E476}.Debug|Any CPU.Build.0 = Debug|Any CPU
		{6DB87FA2-0347-4206-8528-C74EB538E476}.Release|Any CPU.ActiveCfg = Release|Any CPU
		{6DB87FA2-0347-4206-8528-C74EB538E476}.Release|Any CPU.Build.0 = Release|Any CPU
		{BF5DA2FE-2614-4CE3-8902-63D6673B32C4}.Debug|Any CPU.ActiveCfg = Debug|Any CPU
		{BF5DA2FE-2614-4CE3-8902-63D6673B32C4}.Debug|Any CPU.Build.0 = Debug|Any CPU
		{BF5DA2FE-2614-4CE3-8902-63D6673B32C4}.Release|Any CPU.ActiveCfg = Release|Any CPU
		{BF5DA2FE-2614-4CE3-8902-63D6673B32C4}.Release|Any CPU.Build.0 = Release|Any CPU
	EndGlobalSection
	GlobalSection(SolutionProperties) = preSolution
		HideSolutionNode = FALSE
	EndGlobalSection
	GlobalSection(ExtensibilityGlobals) = postSolution
		SolutionGuid = {13CB0298-BF2D-4B98-844D-0DEA83284B02}
	EndGlobalSection
EndGlobal
